{
  "R": {
    "Version": "4.0.2",
    "Repositories": [
      {
        "Name": "CRAN",
        "URL": "https://cran.rstudio.com"
      }
    ]
  },
  "Packages": {
    "DBI": {
      "Package": "DBI",
      "Version": "1.2.1",
      "Source": "Repository",
      "Repository": "CRAN",
      "Requirements": [
        "R",
        "methods"
      ],
      "Hash": "9b4993e98e0e19da84c168460c032fef"
    },
    "DT": {
      "Package": "DT",
      "Version": "0.31",
      "Source": "Repository",
      "Repository": "CRAN",
      "Requirements": [
        "crosstalk",
        "htmltools",
        "htmlwidgets",
        "httpuv",
        "jquerylib",
        "jsonlite",
        "magrittr",
        "promises"
      ],
      "Hash": "77b5189f5272ae2b21e3ac2175ad107c"
    },
    "ISOweek": {
      "Package": "ISOweek",
      "Version": "0.6-2",
      "Source": "Repository",
      "Repository": "CRAN",
      "Requirements": [
        "stringr"
      ],
      "Hash": "ad7e2b013b9379cb560caa9b168202f0"
    },
    "KernSmooth": {
      "Package": "KernSmooth",
      "Version": "2.23-17",
      "Source": "Repository",
      "Repository": "CRAN",
      "Requirements": [
        "R",
        "stats"
      ],
      "Hash": "bbff70c8c0357b5b88238c83f680fcd3"
    },
    "MASS": {
      "Package": "MASS",
      "Version": "7.3-51.6",
      "Source": "Repository",
      "Repository": "CRAN",
      "Requirements": [
        "R",
        "grDevices",
        "graphics",
        "methods",
        "stats",
        "utils"
      ],
      "Hash": "1dad32ac9dbd8057167b2979fb932ff7"
    },
    "Matrix": {
      "Package": "Matrix",
      "Version": "1.5-4",
      "Source": "Repository",
      "Repository": "CRAN",
      "Requirements": [
        "R",
        "graphics",
        "grid",
        "lattice",
        "methods",
        "stats",
        "utils"
      ],
      "Hash": "e779c7d9f35cc364438578f334cffee2"
    },
    "R6": {
      "Package": "R6",
      "Version": "2.5.1",
      "Source": "Repository",
      "Repository": "CRAN",
      "Requirements": [
        "R"
      ],
      "Hash": "470851b6d5d0ac559e9d01bb352b4021"
    },
    "RColorBrewer": {
      "Package": "RColorBrewer",
      "Version": "1.1-3",
      "Source": "Repository",
      "Repository": "CRAN",
      "Requirements": [
        "R"
      ],
      "Hash": "45f0398006e83a5b10b72a90663d8d8c"
    },
    "Rcpp": {
      "Package": "Rcpp",
      "Version": "1.0.12",
      "Source": "Repository",
      "Repository": "CRAN",
      "Requirements": [
        "methods",
        "utils"
      ],
      "Hash": "5ea2700d21e038ace58269ecdbeb9ec0"
    },
    "V8": {
      "Package": "V8",
      "Version": "4.4.1",
      "Source": "Repository",
      "Repository": "CRAN",
      "Requirements": [
        "Rcpp",
        "curl",
        "jsonlite",
        "utils"
      ],
      "Hash": "435359b59b8a9b8f9235135da471ea3c"
    },
    "aeddo": {
      "Package": "aeddo",
      "Version": "0.1.1",
      "Source": "Repository",
      "Repository": "CRAN",
      "Requirements": [
        "checkmate",
        "dplyr",
        "ggplot2",
        "lifecycle",
        "magrittr",
        "purrr",
        "rlang",
        "tibble",
        "tidyr",
        "utils"
      ],
      "Hash": "5fb5c53c1f3f11c23cbfbfa4f88a002c"
    },
    "askpass": {
      "Package": "askpass",
      "Version": "1.2.0",
      "Source": "Repository",
      "Repository": "CRAN",
      "Requirements": [
        "sys"
      ],
      "Hash": "cad6cf7f1d5f6e906700b9d3e718c796"
    },
    "attempt": {
      "Package": "attempt",
      "Version": "0.3.1",
      "Source": "Repository",
      "Repository": "CRAN",
      "Requirements": [
        "rlang"
      ],
      "Hash": "d7421bb5dfeb2676b9e4a5a60c2fcfd2"
    },
    "backports": {
      "Package": "backports",
      "Version": "1.4.1",
      "Source": "Repository",
      "Repository": "CRAN",
      "Requirements": [
        "R"
      ],
      "Hash": "c39fbec8a30d23e721980b8afb31984c"
    },
    "base64enc": {
      "Package": "base64enc",
      "Version": "0.1-3",
      "Source": "Repository",
      "Repository": "CRAN",
      "Requirements": [
        "R"
      ],
      "Hash": "543776ae6848fde2f48ff3816d0628bc"
    },
    "bigD": {
      "Package": "bigD",
      "Version": "0.2.0",
      "Source": "Repository",
      "Repository": "CRAN",
      "Requirements": [
        "R"
      ],
      "Hash": "93637e906f3fe962413912c956eb44db"
    },
    "bitops": {
      "Package": "bitops",
      "Version": "1.0-7",
      "Source": "Repository",
      "Repository": "CRAN",
      "Hash": "b7d8d8ee39869c18d8846a184dd8a1af"
    },
    "brio": {
      "Package": "brio",
      "Version": "1.1.4",
      "Source": "Repository",
      "Repository": "CRAN",
      "Requirements": [
        "R"
      ],
      "Hash": "68bd2b066e1fe780bbf62fc8bcc36de3"
    },
    "bslib": {
      "Package": "bslib",
      "Version": "0.6.2",
      "Source": "Repository",
      "Repository": "CRAN",
      "Requirements": [
        "R",
        "base64enc",
        "cachem",
        "grDevices",
        "htmltools",
        "jquerylib",
        "jsonlite",
        "lifecycle",
        "memoise",
        "mime",
        "rlang",
        "sass"
      ],
      "Hash": "7fb73102553e0c8e478bfaa0ccebe479"
    },
    "cachem": {
      "Package": "cachem",
      "Version": "1.0.8",
      "Source": "Repository",
      "Repository": "CRAN",
      "Requirements": [
        "fastmap",
        "rlang"
      ],
      "Hash": "c35768291560ce302c0a6589f92e837d"
    },
    "callr": {
      "Package": "callr",
      "Version": "3.7.6",
      "Source": "Repository",
      "Repository": "CRAN",
      "Requirements": [
        "R",
        "R6",
        "processx",
        "utils"
      ],
      "Hash": "d7e13f49c19103ece9e58ad2d83a7354"
    },
    "cellranger": {
      "Package": "cellranger",
      "Version": "1.1.0",
      "Source": "Repository",
      "Repository": "CRAN",
      "Requirements": [
        "R",
        "rematch",
        "tibble"
      ],
      "Hash": "f61dbaec772ccd2e17705c1e872e9e7c"
    },
    "checkmate": {
      "Package": "checkmate",
      "Version": "2.3.1",
      "Source": "Repository",
      "Repository": "CRAN",
      "Requirements": [
        "R",
        "backports",
        "utils"
      ],
      "Hash": "c01cab1cb0f9125211a6fc99d540e315"
    },
    "class": {
      "Package": "class",
      "Version": "7.3-17",
      "Source": "Repository",
      "Repository": "CRAN",
      "Requirements": [
        "MASS",
        "R",
        "stats",
        "utils"
      ],
      "Hash": "9267f5dab59a4ef44229858a142bded1"
    },
    "classInt": {
      "Package": "classInt",
      "Version": "0.4-10",
      "Source": "Repository",
      "Repository": "CRAN",
      "Requirements": [
        "KernSmooth",
        "R",
        "class",
        "e1071",
        "grDevices",
        "graphics",
        "stats"
      ],
      "Hash": "f5a40793b1ae463a7ffb3902a95bf864"
    },
    "cli": {
      "Package": "cli",
      "Version": "3.6.2",
      "Source": "Repository",
      "Repository": "CRAN",
      "Requirements": [
        "R",
        "utils"
      ],
      "Hash": "1216ac65ac55ec0058a6f75d7ca0fd52"
    },
    "colorspace": {
      "Package": "colorspace",
      "Version": "2.1-0",
      "Source": "Repository",
      "Repository": "CRAN",
      "Requirements": [
        "R",
        "grDevices",
        "graphics",
        "methods",
        "stats"
      ],
      "Hash": "f20c47fd52fae58b4e377c37bb8c335b"
    },
    "commonmark": {
      "Package": "commonmark",
      "Version": "1.9.1",
      "Source": "Repository",
      "Repository": "CRAN",
      "Hash": "5d8225445acb167abf7797de48b2ee3c"
    },
    "config": {
      "Package": "config",
      "Version": "0.3.2",
      "Source": "Repository",
      "Repository": "CRAN",
      "Requirements": [
        "yaml"
      ],
      "Hash": "8b7222e9d9eb5178eea545c0c4d33fc2"
    },
    "cpp11": {
      "Package": "cpp11",
      "Version": "0.4.7",
      "Source": "Repository",
      "Repository": "CRAN",
      "Requirements": [
        "R"
      ],
      "Hash": "5a295d7d963cc5035284dcdbaf334f4e"
    },
    "crayon": {
      "Package": "crayon",
      "Version": "1.5.2",
      "Source": "Repository",
      "Repository": "CRAN",
      "Requirements": [
        "grDevices",
        "methods",
        "utils"
      ],
      "Hash": "e8a1e41acf02548751f45c718d55aa6a"
    },
    "crosstalk": {
      "Package": "crosstalk",
      "Version": "1.2.1",
      "Source": "Repository",
      "Repository": "CRAN",
      "Requirements": [
        "R6",
        "htmltools",
        "jsonlite",
        "lazyeval"
      ],
      "Hash": "ab12c7b080a57475248a30f4db6298c0"
    },
    "curl": {
      "Package": "curl",
      "Version": "5.2.1",
      "Source": "Repository",
      "Repository": "CRAN",
      "Requirements": [
        "R"
      ],
      "Hash": "411ca2c03b1ce5f548345d2fc2685f7a"
    },
    "data.table": {
      "Package": "data.table",
      "Version": "1.14.10",
      "Source": "Repository",
      "Repository": "CRAN",
      "Requirements": [
        "R",
        "methods"
      ],
      "Hash": "6ea17a32294d8ca00455825ab0cf71b9"
    },
    "deldir": {
      "Package": "deldir",
      "Version": "2.0-2",
      "Source": "Repository",
      "Repository": "CRAN",
      "Requirements": [
        "R",
        "grDevices",
        "graphics"
      ],
      "Hash": "9cde0014710c25657467a326b68db622"
    },
    "desc": {
      "Package": "desc",
      "Version": "1.4.3",
      "Source": "Repository",
      "Repository": "CRAN",
      "Requirements": [
        "R",
        "R6",
        "cli",
        "utils"
      ],
      "Hash": "99b79fcbd6c4d1ce087f5c5c758b384f"
    },
    "diffobj": {
      "Package": "diffobj",
      "Version": "0.3.5",
      "Source": "Repository",
      "Repository": "CRAN",
      "Requirements": [
        "R",
        "crayon",
        "methods",
        "stats",
        "tools",
        "utils"
      ],
      "Hash": "bcaa8b95f8d7d01a5dedfd959ce88ab8"
    },
    "digest": {
      "Package": "digest",
      "Version": "0.6.35",
      "Source": "Repository",
      "Repository": "CRAN",
      "Requirements": [
        "R",
        "utils"
      ],
      "Hash": "698ece7ba5a4fa4559e3d537e7ec3d31"
    },
    "dplyr": {
      "Package": "dplyr",
      "Version": "1.1.4",
      "Source": "Repository",
      "Repository": "CRAN",
      "Requirements": [
        "R",
        "R6",
        "cli",
        "generics",
        "glue",
        "lifecycle",
        "magrittr",
        "methods",
        "pillar",
        "rlang",
        "tibble",
        "tidyselect",
        "utils",
        "vctrs"
      ],
      "Hash": "fedd9d00c2944ff00a0e2696ccf048ec"
    },
    "e1071": {
      "Package": "e1071",
      "Version": "1.7-14",
      "Source": "Repository",
      "Repository": "CRAN",
      "Requirements": [
        "class",
        "grDevices",
        "graphics",
        "methods",
        "proxy",
        "stats",
        "utils"
      ],
      "Hash": "4ef372b716824753719a8a38b258442d"
    },
    "ellipsis": {
      "Package": "ellipsis",
      "Version": "0.3.2",
      "Source": "Repository",
      "Repository": "CRAN",
      "Requirements": [
        "R",
        "rlang"
      ],
      "Hash": "bb0eec2fe32e88d9e2836c2f73ea2077"
    },
    "evaluate": {
      "Package": "evaluate",
      "Version": "0.23",
      "Source": "Repository",
      "Repository": "CRAN",
      "Requirements": [
        "R",
        "methods"
      ],
      "Hash": "daf4a1246be12c1fa8c7705a0935c1a0"
    },
    "fansi": {
      "Package": "fansi",
      "Version": "1.0.6",
      "Source": "Repository",
      "Repository": "CRAN",
      "Requirements": [
        "R",
        "grDevices",
        "utils"
      ],
      "Hash": "962174cf2aeb5b9eea581522286a911f"
    },
    "farver": {
      "Package": "farver",
      "Version": "2.1.1",
      "Source": "Repository",
      "Repository": "CRAN",
      "Hash": "8106d78941f34855c440ddb946b8f7a5"
    },
    "fastmap": {
      "Package": "fastmap",
      "Version": "1.1.1",
      "Source": "Repository",
      "Repository": "CRAN",
      "Hash": "f7736a18de97dea803bde0a2daaafb27"
    },
    "fontawesome": {
      "Package": "fontawesome",
      "Version": "0.5.2",
      "Source": "Repository",
      "Repository": "CRAN",
      "Requirements": [
        "R",
        "htmltools",
        "rlang"
      ],
      "Hash": "c2efdd5f0bcd1ea861c2d4e2a883a67d"
    },
    "fs": {
      "Package": "fs",
      "Version": "1.6.3",
      "Source": "Repository",
      "Repository": "CRAN",
      "Requirements": [
        "R",
        "methods"
      ],
      "Hash": "47b5f30c720c23999b913a1a635cf0bb"
    },
    "generics": {
      "Package": "generics",
      "Version": "0.1.3",
      "Source": "Repository",
      "Repository": "CRAN",
      "Requirements": [
        "R",
        "methods"
      ],
      "Hash": "15e9634c0fcd294799e9b2e929ed1b86"
    },
    "ggplot2": {
      "Package": "ggplot2",
      "Version": "3.4.4",
      "Source": "Repository",
      "Repository": "CRAN",
      "Requirements": [
        "MASS",
        "R",
        "cli",
        "glue",
        "grDevices",
        "grid",
        "gtable",
        "isoband",
        "lifecycle",
        "mgcv",
        "rlang",
        "scales",
        "stats",
        "tibble",
        "vctrs",
        "withr"
      ],
      "Hash": "313d31eff2274ecf4c1d3581db7241f9"
    },
    "glue": {
      "Package": "glue",
      "Version": "1.7.0",
      "Source": "Repository",
      "Repository": "CRAN",
      "Requirements": [
        "R",
        "methods"
      ],
      "Hash": "e0b3a53876554bd45879e596cdb10a52"
    },
    "golem": {
      "Package": "golem",
      "Version": "0.4.1",
      "Source": "Repository",
      "Repository": "CRAN",
      "Requirements": [
        "R",
        "attempt",
        "config",
        "here",
        "htmltools",
        "rlang",
        "shiny",
        "utils",
        "yaml"
      ],
      "Hash": "dc12172dc35c6c80e18b430dc546fc24"
    },
    "gt": {
      "Package": "gt",
      "Version": "0.10.0",
      "Source": "Repository",
      "Repository": "CRAN",
      "Requirements": [
        "R",
        "base64enc",
        "bigD",
        "bitops",
        "cli",
        "commonmark",
        "dplyr",
        "fs",
        "glue",
        "htmltools",
        "htmlwidgets",
        "juicyjuice",
        "magrittr",
        "markdown",
        "reactable",
        "rlang",
        "sass",
        "scales",
        "tibble",
        "tidyselect",
        "xml2"
      ],
      "Hash": "21737c74811cccac01b5097bcb0f8b4c"
    },
    "gtable": {
      "Package": "gtable",
      "Version": "0.3.4",
      "Source": "Repository",
      "Repository": "CRAN",
      "Requirements": [
        "R",
        "cli",
        "glue",
        "grid",
        "lifecycle",
        "rlang"
      ],
      "Hash": "b29cf3031f49b04ab9c852c912547eef"
    },
    "here": {
      "Package": "here",
      "Version": "1.0.1",
      "Source": "Repository",
      "Repository": "CRAN",
      "Requirements": [
        "rprojroot"
      ],
      "Hash": "24b224366f9c2e7534d2344d10d59211"
    },
    "highr": {
      "Package": "highr",
      "Version": "0.10",
      "Source": "Repository",
      "Repository": "CRAN",
      "Requirements": [
        "R",
        "xfun"
      ],
      "Hash": "06230136b2d2b9ba5805e1963fa6e890"
    },
    "hms": {
      "Package": "hms",
      "Version": "1.1.3",
      "Source": "Repository",
      "Repository": "CRAN",
      "Requirements": [
        "lifecycle",
        "methods",
        "pkgconfig",
        "rlang",
        "vctrs"
      ],
      "Hash": "b59377caa7ed00fa41808342002138f9"
    },
    "htmltools": {
      "Package": "htmltools",
      "Version": "0.5.8",
      "Source": "Repository",
      "Repository": "CRAN",
      "Requirements": [
        "R",
        "base64enc",
        "digest",
        "fastmap",
        "grDevices",
        "rlang",
        "utils"
      ],
      "Hash": "149431ee39aba5bdc264112c8ff94444"
    },
    "htmlwidgets": {
      "Package": "htmlwidgets",
      "Version": "1.6.4",
      "Source": "Repository",
      "Repository": "CRAN",
      "Requirements": [
        "grDevices",
        "htmltools",
        "jsonlite",
        "knitr",
        "rmarkdown",
        "yaml"
      ],
      "Hash": "04291cc45198225444a397606810ac37"
    },
    "httpuv": {
      "Package": "httpuv",
      "Version": "1.6.13",
      "Source": "Repository",
      "Repository": "CRAN",
      "Requirements": [
        "R",
        "R6",
        "Rcpp",
        "later",
        "promises",
        "utils"
      ],
      "Hash": "d23d2879001f3d82ee9dc38a9ef53c4c"
    },
    "httr": {
      "Package": "httr",
      "Version": "1.4.7",
      "Source": "Repository",
      "Repository": "CRAN",
      "Requirements": [
        "R",
        "R6",
        "curl",
        "jsonlite",
        "mime",
        "openssl"
      ],
      "Hash": "ac107251d9d9fd72f0ca8049988f1d7f"
    },
    "hunspell": {
      "Package": "hunspell",
      "Version": "3.0.3",
      "Source": "Repository",
      "Repository": "CRAN",
      "Requirements": [
        "R",
        "Rcpp",
        "digest"
      ],
      "Hash": "e957e989ea17f937964f0d46b0f0bca0"
    },
    "isoband": {
      "Package": "isoband",
      "Version": "0.2.7",
      "Source": "Repository",
      "Repository": "CRAN",
      "Requirements": [
        "grid",
        "utils"
      ],
      "Hash": "0080607b4a1a7b28979aecef976d8bc2"
    },
    "jquerylib": {
      "Package": "jquerylib",
      "Version": "0.1.4",
      "Source": "Repository",
      "Repository": "CRAN",
      "Requirements": [
        "htmltools"
      ],
      "Hash": "5aab57a3bd297eee1c1d862735972182"
    },
    "jsonlite": {
      "Package": "jsonlite",
      "Version": "1.8.8",
      "Source": "Repository",
      "Repository": "CRAN",
      "Requirements": [
        "methods"
      ],
      "Hash": "e1b9c55281c5adc4dd113652d9e26768"
    },
    "juicyjuice": {
      "Package": "juicyjuice",
      "Version": "0.1.0",
      "Source": "Repository",
      "Repository": "CRAN",
      "Requirements": [
        "V8"
      ],
      "Hash": "3bcd11943da509341838da9399e18bce"
    },
    "knitr": {
      "Package": "knitr",
      "Version": "1.45",
      "Source": "Repository",
      "Repository": "CRAN",
      "Requirements": [
        "R",
        "evaluate",
        "highr",
        "methods",
        "tools",
        "xfun",
        "yaml"
      ],
      "Hash": "1ec462871063897135c1bcbe0fc8f07d"
    },
    "labeling": {
      "Package": "labeling",
      "Version": "0.4.3",
      "Source": "Repository",
      "Repository": "CRAN",
      "Requirements": [
        "graphics",
        "stats"
      ],
      "Hash": "b64ec208ac5bc1852b285f665d6368b3"
    },
    "later": {
      "Package": "later",
      "Version": "1.3.2",
      "Source": "Repository",
      "Repository": "CRAN",
      "Requirements": [
        "Rcpp",
        "rlang"
      ],
      "Hash": "a3e051d405326b8b0012377434c62b37"
    },
    "lattice": {
      "Package": "lattice",
      "Version": "0.20-41",
      "Source": "Repository",
      "Repository": "CRAN",
      "Requirements": [
        "R",
        "grDevices",
        "graphics",
        "grid",
        "stats",
        "utils"
      ],
      "Hash": "fbd9285028b0263d76d18c95ae51a53d"
    },
    "lazyeval": {
      "Package": "lazyeval",
      "Version": "0.2.2",
      "Source": "Repository",
      "Repository": "CRAN",
      "Requirements": [
        "R"
      ],
      "Hash": "d908914ae53b04d4c0c0fd72ecc35370"
    },
    "lifecycle": {
      "Package": "lifecycle",
      "Version": "1.0.4",
      "Source": "Repository",
      "Repository": "CRAN",
      "Requirements": [
        "R",
        "cli",
        "glue",
        "rlang"
      ],
      "Hash": "b8552d117e1b808b09a832f589b79035"
    },
    "lubridate": {
      "Package": "lubridate",
      "Version": "1.9.3",
      "Source": "Repository",
      "Repository": "CRAN",
      "Requirements": [
        "R",
        "generics",
        "methods",
        "timechange"
      ],
      "Hash": "680ad542fbcf801442c83a6ac5a2126c"
    },
    "magrittr": {
      "Package": "magrittr",
      "Version": "2.0.3",
      "Source": "Repository",
      "Repository": "CRAN",
      "Requirements": [
        "R"
      ],
      "Hash": "7ce2733a9826b3aeb1775d56fd305472"
    },
    "markdown": {
      "Package": "markdown",
      "Version": "1.12",
      "Source": "Repository",
      "Repository": "CRAN",
      "Requirements": [
        "R",
        "commonmark",
        "utils",
        "xfun"
      ],
      "Hash": "765cf53992401b3b6c297b69e1edb8bd"
    },
    "memoise": {
      "Package": "memoise",
      "Version": "2.0.1",
      "Source": "Repository",
      "Repository": "CRAN",
      "Requirements": [
        "cachem",
        "rlang"
      ],
      "Hash": "e2817ccf4a065c5d9d7f2cfbe7c1d78c"
    },
    "mgcv": {
      "Package": "mgcv",
      "Version": "1.8-31",
      "Source": "Repository",
      "Repository": "CRAN",
      "Requirements": [
        "Matrix",
        "R",
        "graphics",
        "methods",
        "nlme",
        "splines",
        "stats",
        "utils"
      ],
      "Hash": "4bb7e0c4f3557583e1e8d3c9ffb8ba5c"
    },
    "mime": {
      "Package": "mime",
      "Version": "0.12",
      "Source": "Repository",
      "Repository": "CRAN",
      "Requirements": [
        "tools"
      ],
      "Hash": "18e9c28c1d3ca1560ce30658b22ce104"
    },
    "munsell": {
      "Package": "munsell",
      "Version": "0.5.0",
      "Source": "Repository",
      "Repository": "CRAN",
      "Requirements": [
        "colorspace",
        "methods"
      ],
      "Hash": "6dfe8bf774944bd5595785e3229d8771"
    },
    "nlme": {
      "Package": "nlme",
      "Version": "3.1-148",
      "Source": "Repository",
      "Repository": "CRAN",
      "Requirements": [
        "R",
        "graphics",
        "lattice",
        "stats",
        "utils"
      ],
      "Hash": "662f52871983ff3e3ef042c62de126df"
    },
    "openssl": {
      "Package": "openssl",
      "Version": "2.1.1",
      "Source": "Repository",
      "Repository": "CRAN",
      "Requirements": [
        "askpass"
      ],
      "Hash": "2a0dc8c6adfb6f032e4d4af82d258ab5"
    },
    "pillar": {
      "Package": "pillar",
      "Version": "1.9.0",
      "Source": "Repository",
      "Repository": "CRAN",
      "Requirements": [
        "cli",
        "fansi",
        "glue",
        "lifecycle",
        "rlang",
        "utf8",
        "utils",
        "vctrs"
      ],
      "Hash": "15da5a8412f317beeee6175fbc76f4bb"
    },
    "pkgbuild": {
      "Package": "pkgbuild",
      "Version": "1.4.4",
      "Source": "Repository",
      "Repository": "CRAN",
      "Requirements": [
        "R",
        "R6",
        "callr",
        "cli",
        "desc",
        "processx"
      ],
      "Hash": "a29e8e134a460a01e0ca67a4763c595b"
    },
    "pkgconfig": {
      "Package": "pkgconfig",
      "Version": "2.0.3",
      "Source": "Repository",
      "Repository": "CRAN",
      "Requirements": [
        "utils"
      ],
      "Hash": "01f28d4278f15c76cddbea05899c5d6f"
    },
    "pkgload": {
      "Package": "pkgload",
      "Version": "1.3.4",
      "Source": "Repository",
      "Repository": "CRAN",
      "Requirements": [
        "R",
        "cli",
        "crayon",
        "desc",
        "fs",
        "glue",
        "methods",
        "pkgbuild",
        "rlang",
        "rprojroot",
        "utils",
        "withr"
      ],
      "Hash": "876c618df5ae610be84356d5d7a5d124"
    },
    "plotly": {
      "Package": "plotly",
      "Version": "4.10.4",
      "Source": "Repository",
      "Repository": "CRAN",
      "Requirements": [
        "R",
        "RColorBrewer",
        "base64enc",
        "crosstalk",
        "data.table",
        "digest",
        "dplyr",
        "ggplot2",
        "htmltools",
        "htmlwidgets",
        "httr",
        "jsonlite",
        "lazyeval",
        "magrittr",
        "promises",
        "purrr",
        "rlang",
        "scales",
        "tibble",
        "tidyr",
        "tools",
        "vctrs",
        "viridisLite"
      ],
      "Hash": "a1ac5c03ad5ad12b9d1597e00e23c3dd"
    },
    "polyCub": {
      "Package": "polyCub",
      "Version": "0.9.0",
      "Source": "Repository",
      "Repository": "CRAN",
      "Requirements": [
        "R",
        "grDevices",
        "graphics",
        "methods",
        "sp",
        "stats"
      ],
      "Hash": "448dbbc34bc9b955e21c35efdcd0678a"
    },
    "polyclip": {
      "Package": "polyclip",
      "Version": "1.10-6",
      "Source": "Repository",
      "Repository": "CRAN",
      "Requirements": [
        "R"
      ],
      "Hash": "436542aadb70675e361cf359285af7c7"
    },
    "praise": {
      "Package": "praise",
      "Version": "1.0.0",
      "Source": "Repository",
      "Repository": "CRAN",
      "Hash": "a555924add98c99d2f411e37e7d25e9f"
    },
    "prettyunits": {
      "Package": "prettyunits",
      "Version": "1.2.0",
      "Source": "Repository",
      "Repository": "CRAN",
      "Requirements": [
        "R"
      ],
      "Hash": "6b01fc98b1e86c4f705ce9dcfd2f57c7"
    },
    "processx": {
      "Package": "processx",
      "Version": "3.8.4",
      "Source": "Repository",
      "Repository": "CRAN",
      "Requirements": [
        "R",
        "R6",
        "ps",
        "utils"
      ],
      "Hash": "0c90a7d71988856bad2a2a45dd871bb9"
    },
    "progress": {
      "Package": "progress",
      "Version": "1.2.2",
      "Source": "Repository",
      "Repository": "CRAN",
      "Requirements": [
        "R6",
        "crayon",
        "hms",
        "prettyunits"
      ],
      "Hash": "14dc9f7a3c91ebb14ec5bb9208a07061"
    },
    "promises": {
      "Package": "promises",
      "Version": "1.2.1",
      "Source": "Repository",
      "Repository": "CRAN",
      "Requirements": [
        "R6",
        "Rcpp",
        "fastmap",
        "later",
        "magrittr",
        "rlang",
        "stats"
      ],
      "Hash": "0d8a15c9d000970ada1ab21405387dee"
    },
    "proxy": {
      "Package": "proxy",
      "Version": "0.4-27",
      "Source": "Repository",
      "Repository": "CRAN",
      "Requirements": [
        "R",
        "stats",
        "utils"
      ],
      "Hash": "e0ef355c12942cf7a6b91a6cfaea8b3e"
    },
    "ps": {
      "Package": "ps",
      "Version": "1.7.6",
      "Source": "Repository",
      "Repository": "CRAN",
      "Requirements": [
        "R",
        "utils"
      ],
      "Hash": "dd2b9319ee0656c8acf45c7f40c59de7"
    },
    "purrr": {
      "Package": "purrr",
      "Version": "1.0.2",
      "Source": "Repository",
      "Repository": "CRAN",
      "Requirements": [
        "R",
        "cli",
        "lifecycle",
        "magrittr",
        "rlang",
        "vctrs"
      ],
      "Hash": "1cba04a4e9414bdefc9dcaa99649a8dc"
    },
    "rappdirs": {
      "Package": "rappdirs",
      "Version": "0.3.3",
      "Source": "Repository",
      "Repository": "CRAN",
      "Requirements": [
        "R"
      ],
      "Hash": "5e3c5dc0b071b21fa128676560dbe94d"
    },
    "reactR": {
      "Package": "reactR",
      "Version": "0.5.0",
      "Source": "Repository",
      "Repository": "CRAN",
      "Requirements": [
        "htmltools"
      ],
      "Hash": "c9014fd1a435b2d790dd506589cb24e5"
    },
    "reactable": {
      "Package": "reactable",
      "Version": "0.4.4",
      "Source": "Repository",
      "Repository": "CRAN",
      "Requirements": [
        "R",
        "digest",
        "htmltools",
        "htmlwidgets",
        "jsonlite",
        "reactR"
      ],
      "Hash": "6069eb2a6597963eae0605c1875ff14c"
    },
    "readxl": {
      "Package": "readxl",
      "Version": "1.4.2",
      "Source": "Repository",
      "Repository": "CRAN",
      "Requirements": [
        "R",
        "cellranger",
        "cpp11",
        "progress",
        "tibble",
        "utils"
      ],
      "Hash": "2e6020b1399d95f947ed867045e9ca17"
    },
    "rematch": {
      "Package": "rematch",
      "Version": "2.0.0",
      "Source": "Repository",
      "Repository": "CRAN",
      "Hash": "cbff1b666c6fa6d21202f07e2318d4f1"
    },
    "rematch2": {
      "Package": "rematch2",
      "Version": "2.1.2",
      "Source": "Repository",
      "Repository": "CRAN",
      "Requirements": [
        "tibble"
      ],
      "Hash": "76c9e04c712a05848ae7a23d2f170a40"
    },
    "renv": {
      "Package": "renv",
      "Version": "0.17.3",
      "Source": "Repository",
      "Repository": "CRAN",
      "Requirements": [
        "utils"
      ],
      "Hash": "4543b8cd233ae25c6aba8548be9e747e"
    },
    "rlang": {
      "Package": "rlang",
      "Version": "1.1.3",
      "Source": "Repository",
      "Repository": "CRAN",
      "Requirements": [
        "R",
        "utils"
      ],
      "Hash": "42548638fae05fd9a9b5f3f437fbbbe2"
    },
    "rmarkdown": {
      "Package": "rmarkdown",
      "Version": "2.26",
      "Source": "Repository",
      "Repository": "CRAN",
      "Requirements": [
        "R",
        "bslib",
        "evaluate",
        "fontawesome",
        "htmltools",
        "jquerylib",
        "jsonlite",
        "knitr",
        "methods",
        "tinytex",
        "tools",
        "utils",
        "xfun",
        "yaml"
      ],
      "Hash": "9b148e7f95d33aac01f31282d49e4f44"
    },
    "rprojroot": {
      "Package": "rprojroot",
      "Version": "2.0.4",
      "Source": "Repository",
      "Repository": "CRAN",
      "Requirements": [
        "R"
      ],
      "Hash": "4c8415e0ec1e29f3f4f6fc108bef0144"
    },
    "s2": {
      "Package": "s2",
      "Version": "1.1.1",
      "Source": "Repository",
      "Repository": "CRAN",
      "Requirements": [
        "R",
        "Rcpp",
        "wk"
      ],
      "Hash": "328ea3dc4329fc40720456c8e0c75445"
    },
    "sass": {
      "Package": "sass",
      "Version": "0.4.9",
      "Source": "Repository",
      "Repository": "CRAN",
      "Requirements": [
        "R6",
        "fs",
        "htmltools",
        "rappdirs",
        "rlang"
      ],
      "Hash": "d53dbfddf695303ea4ad66f86e99b95d"
    },
    "scales": {
      "Package": "scales",
      "Version": "1.3.0",
      "Source": "Repository",
      "Repository": "CRAN",
      "Requirements": [
        "R",
        "R6",
        "RColorBrewer",
        "cli",
        "farver",
        "glue",
        "labeling",
        "lifecycle",
        "munsell",
        "rlang",
        "viridisLite"
      ],
      "Hash": "c19df082ba346b0ffa6f833e92de34d1"
    },
    "sf": {
      "Package": "sf",
      "Version": "1.0-15",
      "Source": "Repository",
      "Repository": "CRAN",
      "Requirements": [
        "DBI",
        "R",
        "Rcpp",
        "classInt",
        "grDevices",
        "graphics",
        "grid",
        "magrittr",
        "methods",
        "s2",
        "stats",
        "tools",
        "units",
        "utils"
      ],
      "Hash": "f432b3379fb1a47046e253468b6b6b6d"
    },
    "shiny": {
      "Package": "shiny",
      "Version": "1.8.0",
      "Source": "Repository",
      "Repository": "CRAN",
      "Requirements": [
        "R",
        "R6",
        "bslib",
        "cachem",
        "commonmark",
        "crayon",
        "ellipsis",
        "fastmap",
        "fontawesome",
        "glue",
        "grDevices",
        "htmltools",
        "httpuv",
        "jsonlite",
        "later",
        "lifecycle",
        "methods",
        "mime",
        "promises",
        "rlang",
        "sourcetools",
        "tools",
        "utils",
        "withr",
        "xtable"
      ],
      "Hash": "3a1f41807d648a908e3c7f0334bf85e6"
    },
    "shinybusy": {
      "Package": "shinybusy",
      "Version": "0.3.2",
      "Source": "Repository",
      "Repository": "CRAN",
      "Requirements": [
        "htmltools",
        "htmlwidgets",
        "jsonlite",
        "shiny"
      ],
      "Hash": "cfb1edf0a7b334747556da1598ef67b1"
    },
    "shinyvalidate": {
      "Package": "shinyvalidate",
      "Version": "0.1.3",
      "Source": "Repository",
      "Repository": "CRAN",
      "Requirements": [
        "glue",
        "htmltools",
        "rlang",
        "shiny"
      ],
      "Hash": "fe6e75a1c1722b2d23cb4d4dbe1006df"
    },
    "sourcetools": {
      "Package": "sourcetools",
      "Version": "0.1.7-1",
      "Source": "Repository",
      "Repository": "CRAN",
      "Requirements": [
        "R"
      ],
      "Hash": "5f5a7629f956619d519205ec475fe647"
    },
    "sp": {
      "Package": "sp",
      "Version": "2.1-2",
      "Source": "Repository",
      "Repository": "CRAN",
      "Requirements": [
        "R",
        "grDevices",
        "graphics",
        "grid",
        "lattice",
        "methods",
        "stats",
        "utils"
      ],
      "Hash": "40a9887191d33b2521a1d741f8c8aea2"
    },
    "spatstat.data": {
      "Package": "spatstat.data",
      "Version": "3.0-4",
      "Source": "Repository",
      "Repository": "CRAN",
      "Requirements": [
        "Matrix",
        "R",
        "spatstat.utils"
      ],
      "Hash": "114a35341cb4955e1b8d30e28ec356c6"
    },
    "spatstat.geom": {
      "Package": "spatstat.geom",
      "Version": "3.2-7",
      "Source": "Repository",
      "Repository": "CRAN",
      "Requirements": [
        "R",
        "deldir",
        "grDevices",
        "graphics",
        "methods",
        "polyclip",
        "spatstat.data",
        "spatstat.utils",
        "stats",
        "utils"
      ],
      "Hash": "198af920edce4a6757c2a38217bd0c88"
    },
    "spatstat.utils": {
      "Package": "spatstat.utils",
      "Version": "3.0-4",
      "Source": "Repository",
      "Repository": "CRAN",
      "Requirements": [
        "R",
        "grDevices",
        "graphics",
        "methods",
        "stats",
        "utils"
      ],
      "Hash": "81d929f43f8532c1f8180a105449d414"
    },
    "spelling": {
      "Package": "spelling",
      "Version": "2.2.1",
      "Source": "Repository",
      "Repository": "CRAN",
      "Requirements": [
        "commonmark",
        "hunspell",
        "knitr",
        "xml2"
      ],
      "Hash": "8ed9f010f7caeb8586523088b7f23dcd"
    },
    "stringi": {
      "Package": "stringi",
      "Version": "1.8.3",
      "Source": "Repository",
      "Repository": "CRAN",
      "Requirements": [
        "R",
        "stats",
        "tools",
        "utils"
      ],
      "Hash": "058aebddea264f4c99401515182e656a"
    },
    "stringr": {
      "Package": "stringr",
      "Version": "1.5.1",
      "Source": "Repository",
      "Repository": "CRAN",
      "Requirements": [
        "R",
        "cli",
        "glue",
        "lifecycle",
        "magrittr",
        "rlang",
        "stringi",
        "vctrs"
      ],
      "Hash": "960e2ae9e09656611e0b8214ad543207"
    },
    "surveillance": {
      "Package": "surveillance",
      "Version": "1.22.1",
      "Source": "Repository",
      "Repository": "CRAN",
      "Requirements": [
        "MASS",
        "Matrix",
        "R",
        "Rcpp",
        "grDevices",
        "graphics",
        "methods",
        "nlme",
        "polyCub",
        "sp",
        "spatstat.geom",
        "stats",
        "utils",
        "xtable"
      ],
      "Hash": "2a7a5a9777baee63d67fdf3d151d126d"
    },
    "sys": {
      "Package": "sys",
      "Version": "3.4.2",
      "Source": "Repository",
      "Repository": "CRAN",
      "Hash": "3a1be13d68d47a8cd0bfd74739ca1555"
    },
    "testthat": {
      "Package": "testthat",
      "Version": "3.2.1",
      "Source": "Repository",
      "Repository": "CRAN",
      "Requirements": [
        "R",
        "R6",
        "brio",
        "callr",
        "cli",
        "desc",
        "digest",
        "evaluate",
        "jsonlite",
        "lifecycle",
        "magrittr",
        "methods",
        "pkgload",
        "praise",
        "processx",
        "ps",
        "rlang",
        "utils",
        "waldo",
        "withr"
      ],
      "Hash": "4767a686ebe986e6cb01d075b3f09729"
    },
    "tibble": {
      "Package": "tibble",
      "Version": "3.2.1",
      "Source": "Repository",
      "Repository": "CRAN",
      "Requirements": [
        "R",
        "fansi",
        "lifecycle",
        "magrittr",
        "methods",
        "pillar",
        "pkgconfig",
        "rlang",
        "utils",
        "vctrs"
      ],
      "Hash": "a84e2cc86d07289b3b6f5069df7a004c"
    },
    "tidyr": {
      "Package": "tidyr",
      "Version": "1.3.0",
      "Source": "Repository",
      "Repository": "CRAN",
      "Requirements": [
        "R",
        "cli",
        "cpp11",
        "dplyr",
        "glue",
        "lifecycle",
        "magrittr",
        "purrr",
        "rlang",
        "stringr",
        "tibble",
        "tidyselect",
        "utils",
        "vctrs"
      ],
      "Hash": "e47debdc7ce599b070c8e78e8ac0cfcf"
    },
    "tidyselect": {
      "Package": "tidyselect",
      "Version": "1.2.0",
      "Source": "Repository",
      "Repository": "CRAN",
      "Requirements": [
        "R",
        "cli",
        "glue",
        "lifecycle",
        "rlang",
        "vctrs",
        "withr"
      ],
      "Hash": "79540e5fcd9e0435af547d885f184fd5"
    },
    "timechange": {
      "Package": "timechange",
      "Version": "0.2.0",
      "Source": "Repository",
      "Repository": "CRAN",
      "Requirements": [
        "R",
        "cpp11"
      ],
      "Hash": "8548b44f79a35ba1791308b61e6012d7"
    },
    "tinytex": {
      "Package": "tinytex",
      "Version": "0.50",
      "Source": "Repository",
      "Repository": "CRAN",
      "Requirements": [
        "xfun"
      ],
      "Hash": "be7a76845222ad20adb761f462eed3ea"
    },
    "units": {
      "Package": "units",
      "Version": "0.8-5",
      "Source": "Repository",
      "Repository": "CRAN",
      "Requirements": [
        "R",
        "Rcpp"
      ],
      "Hash": "119d19da480e873f72241ff6962ffd83"
    },
    "utf8": {
      "Package": "utf8",
      "Version": "1.2.4",
      "Source": "Repository",
      "Repository": "CRAN",
      "Requirements": [
        "R"
      ],
      "Hash": "62b65c52671e6665f803ff02954446e9"
    },
    "vctrs": {
      "Package": "vctrs",
      "Version": "0.6.5",
      "Source": "Repository",
      "Repository": "CRAN",
      "Requirements": [
        "R",
        "cli",
        "glue",
        "lifecycle",
        "rlang"
      ],
      "Hash": "c03fa420630029418f7e6da3667aac4a"
    },
    "viridisLite": {
      "Package": "viridisLite",
      "Version": "0.4.2",
      "Source": "Repository",
      "Repository": "CRAN",
      "Requirements": [
        "R"
      ],
      "Hash": "c826c7c4241b6fc89ff55aaea3fa7491"
    },
    "waldo": {
      "Package": "waldo",
      "Version": "0.5.2",
      "Source": "Repository",
      "Repository": "CRAN",
      "Requirements": [
        "R",
        "cli",
        "diffobj",
        "fansi",
        "glue",
        "methods",
        "rematch2",
        "rlang",
        "tibble"
      ],
      "Hash": "c7d3fd6d29ab077cbac8f0e2751449e6"
    },
    "withr": {
      "Package": "withr",
      "Version": "3.0.0",
      "Source": "Repository",
      "Repository": "CRAN",
      "Requirements": [
        "R",
        "grDevices",
        "graphics"
      ],
      "Hash": "d31b6c62c10dcf11ec530ca6b0dd5d35"
    },
    "wk": {
      "Package": "wk",
      "Version": "0.9.1",
      "Source": "Repository",
      "Repository": "CRAN",
      "Requirements": [
        "R"
      ],
      "Hash": "5d4545e140e36476f35f20d0ca87963e"
    },
    "xfun": {
      "Package": "xfun",
      "Version": "0.43",
      "Source": "Repository",
      "Repository": "CRAN",
      "Requirements": [
        "grDevices",
        "stats",
        "tools"
      ],
      "Hash": "ab6371d8653ce5f2f9290f4ec7b42a8e"
    },
    "xml2": {
      "Package": "xml2",
      "Version": "1.3.6",
      "Source": "Repository",
      "Repository": "CRAN",
      "Requirements": [
        "R",
        "cli",
        "methods",
        "rlang"
      ],
      "Hash": "1d0336142f4cd25d8d23cd3ba7a8fb61"
    },
    "xtable": {
      "Package": "xtable",
      "Version": "1.8-4",
      "Source": "Repository",
      "Repository": "CRAN",
      "Requirements": [
        "R",
        "stats",
        "utils"
      ],
      "Hash": "b8acdf8af494d9ec19ccb2481a9b11c2"
    },
    "yaml": {
      "Package": "yaml",
      "Version": "2.3.8",
      "Source": "Repository",
      "Repository": "CRAN",
      "Hash": "29240487a071f535f5e5d5a323b7afbd"
    }
  }
}
